# This file is automatically @generated by Cargo.
# It is not intended for manual editing.
version = 3

[[package]]
name = "nbeep-core"
version = "0.1.0"

[[package]]
name = "nbeep-crypto"
version = "0.1.0"
dependencies = [
 "nbeep-core",
]

[[package]]
name = "nbeep-gfx"
version = "0.1.0"

[[package]]
name = "nbeep-imgdec"
version = "0.1.0"

[[package]]
name = "nbeep-net"
version = "0.1.0"
dependencies = [
 "nbeep-core",
]

[[package]]
name = "nbeep-plat"
version = "0.1.0"
dependencies = [
 "nbeep-core",
 "nbeep-gfx",
]

[[package]]
name = "nbeep-safe"
version = "0.1.0"
dependencies = [
 "nbeep-core",
]

[[package]]
name = "nbeep-store"
version = "0.1.0"
dependencies = [
 "nbeep-core",
]

[[package]]
name = "nbeep-ui"
version = "0.1.0"
dependencies = [
 "nbeep-core",
 "nbeep-gfx",
]

[[package]]
name = "nexa-beep"
version = "0.1.0"
dependencies = [
 "nbeep-core",
 "nbeep-crypto",
 "nbeep-gfx",
 "nbeep-net",
 "nbeep-plat",
 "nbeep-safe",
 "nbeep-store",
 "nbeep-ui",
]
